# This file is automatically @generated by Cargo.
# It is not intended for manual editing.
version = 4

[[package]]
name = "stylet-cli"
version = "0.0.0"
dependencies = [
 "stylet-compile",
 "stylet-fmt",
 "stylet-migrate",
 "stylet-resolve",
]

[[package]]
name = "stylet-compile"
version = "0.0.0"
dependencies = [
 "stylet-resolve",
 "stylet-syntax",
]

[[package]]
name = "stylet-fmt"
version = "0.0.0"
dependencies = [
 "stylet-syntax",
]

[[package]]
name = "stylet-highlight"
version = "0.0.0"
dependencies = [
 "stylet-syntax",
]

[[package]]
name = "stylet-lsp"
version = "0.0.0"
dependencies = [
 "stylet-compile",
 "stylet-fmt",
 "stylet-resolve",
 "stylet-syntax",
]

[[package]]
name = "stylet-migrate"
version = "0.0.0"
dependencies = [
 "stylet-fmt",
 "stylet-syntax",
]

[[package]]
name = "stylet-resolve"
version = "0.0.0"
dependencies = [
 "stylet-syntax",
]

[[package]]
name = "stylet-syntax"
version = "0.0.0"

[[package]]
name = "stylet-wasm"
version = "0.0.0"
dependencies = [
 "stylet-compile",
 "stylet-fmt",
 "stylet-highlight",
]
